
Microsoft Visual Studio Solution File, Format Version 12.00
# Visual Studio Version 16
VisualStudioVersion = 16.0.30413.136
MinimumVisualStudioVersion = 10.0.40219.1
Project("{9A19103F-16F7-4668-BE54-9A1E7A4F7556}") = "Digify.Micro", "Digify.Micro\Digify.Micro.csproj", "{9C788824-5E65-42B5-92A3-D5395F07FD4F}"
EndProject
Project("{9A19103F-16F7-4668-BE54-9A1E7A4F7556}") = "Digify.Micro.Tests", "Digify.Micro.Tests\Digify.Micro.Tests.csproj", "{AF888A88-3125-4060-976A-55AAD748028F}"
EndProject
Project("{FAE04EC0-301F-11D3-BF4B-00C04F79EFBC}") = "Digify.Micro.Tests.Domain", "Digify.Micro.Tests.Domain\Digify.Micro.Tests.Domain.csproj", "{B7CC49E1-E97F-418E-8274-72D0D7C6C922}"
EndProject
Project("{FAE04EC0-301F-11D3-BF4B-00C04F79EFBC}") = "Digify.Micro.Tests.Application", "Digify.Micro.Tests.Application\Digify.Micro.Tests.Application.csproj", "{105E80AE-EFB9-49C2-97B6-983E3E587AF5}"
EndProject
Global
	GlobalSection(SolutionConfigurationPlatforms) = preSolution
		Debug|Any CPU = Debug|Any CPU
		Release|Any CPU = Release|Any CPU
	EndGlobalSection
	GlobalSection(ProjectConfigurationPlatforms) = postSolution
		{9C788824-5E65-42B5-92A3-D5395F07FD4F}.Debug|Any CPU.ActiveCfg = Debug|Any CPU
		{9C788824-5E65-42B5-92A3-D5395F07FD4F}.Debug|Any CPU.Build.0 = Debug|Any CPU
		{9C788824-5E65-42B5-92A3-D5395F07FD4F}.Release|Any CPU.ActiveCfg = Release|Any CPU
		{9C788824-5E65-42B5-92A3-D5395F07FD4F}.Release|Any CPU.Build.0 = Release|Any CPU
		{AF888A88-3125-4060-976A-55AAD748028F}.Debug|Any CPU.ActiveCfg = Debug|Any CPU
		{AF888A88-3125-4060-976A-55AAD748028F}.Debug|Any CPU.Build.0 = Debug|Any CPU
		{AF888A88-3125-4060-976A-55AAD748028F}.Release|Any CPU.ActiveCfg = Release|Any CPU
		{AF888A88-3125-4060-976A-55AAD748028F}.Release|Any CPU.Build.0 = Release|Any CPU
		{B7CC49E1-E97F-418E-8274-72D0D7C6C922}.Debug|Any CPU.ActiveCfg = Debug|Any CPU
		{B7CC49E1-E97F-418E-8274-72D0D7C6C922}.Debug|Any CPU.Build.0 = Debug|Any CPU
		{B7CC49E1-E97F-418E-8274-72D0D7C6C922}.Release|Any CPU.ActiveCfg = Release|Any CPU
		{B7CC49E1-E97F-418E-8274-72D0D7C6C922}.Release|Any CPU.Build.0 = Release|Any CPU
		{105E80AE-EFB9-49C2-97B6-983E3E587AF5}.Debug|Any CPU.ActiveCfg = Debug|Any CPU
		{105E80AE-EFB9-49C2-97B6-983E3E587AF5}.Debug|Any CPU.Build.0 = Debug|Any CPU
		{105E80AE-EFB9-49C2-97B6-983E3E587AF5}.Release|Any CPU.ActiveCfg = Release|Any CPU
		{105E80AE-EFB9-49C2-97B6-983E3E587AF5}.Release|Any CPU.Build.0 = Release|Any CPU
	EndGlobalSection
	GlobalSection(SolutionProperties) = preSolution
		HideSolutionNode = FALSE
	EndGlobalSection
	GlobalSection(ExtensibilityGlobals) = postSolution
		SolutionGuid = {AEB2A8CF-57C8-4C3D-8E35-FC4B7B7F5FA6}
	EndGlobalSection
EndGlobal
